{
  "name": "cljs-wc",
  "version": "1.0.0",
  "lockfileVersion": 1,
  "requires": true,
  "dependencies": {
    "@github/task-lists-element": {
      "version": "1.0.7",
      "resolved": "https://registry.npmjs.org/@github/task-lists-element/-/task-lists-element-1.0.7.tgz",
      "integrity": "sha512-TtWBzre0fzfoucQKiG+KGbnwgqdm9tUpplUK5/n2XdIOHNi44KJY1oQr6vksK/b+yN8AeJTUpyITqxPsd000Xg=="
    },
    "clipboard-copy-element": {
      "version": "1.0.0",
      "resolved": "https://registry.npmjs.org/clipboard-copy-element/-/clipboard-copy-element-1.0.0.tgz",
      "integrity": "sha512-nQYDzyBAC3+3OQGrPvaGijLOrBuB6Slw4DFGr5gBAQeFTfCCeHdRy8rt7Moa0HOGc1RNnTZ4YsAkeJNRSAAbMA=="
    },
    "incremental-dom": {
      "version": "0.7.0",
      "resolved": "https://registry.npmjs.org/incremental-dom/-/incremental-dom-0.7.0.tgz",
      "integrity": "sha512-SBHQ6AiCmtwh7TU9hjq2CspasJe7ggGa9k+qYZft+d5Qq9v7V+07wlnRSZH5GGYjI8wn6U5p7dDua7f1bih52g=="
    }
  }
}
